
Microsoft Visual Studio Solution File, Format Version 12.00
# Visual Studio Version 16
VisualStudioVersion = 16.0.29905.134
MinimumVisualStudioVersion = 10.0.40219.1
Project("{9A19103F-16F7-4668-BE54-9A1E7A4F7556}") = "Lab_16", "Lab_16\Lab_16.csproj", "{24FE1551-9706-4475-9BC4-DB10AF6E19E5}"
EndProject
Global
	GlobalSection(SolutionConfigurationPlatforms) = preSolution
		Debug|Any CPU = Debug|Any CPU
		Release|Any CPU = Release|Any CPU
	EndGlobalSection
	GlobalSection(ProjectConfigurationPlatforms) = postSolution
		{24FE1551-9706-4475-9BC4-DB10AF6E19E5}.Debug|Any CPU.ActiveCfg = Debug|Any CPU
		{24FE1551-9706-4475-9BC4-DB10AF6E19E5}.Debug|Any CPU.Build.0 = Debug|Any CPU
		{24FE1551-9706-4475-9BC4-DB10AF6E19E5}.Release|Any CPU.ActiveCfg = Release|Any CPU
		{24FE1551-9706-4475-9BC4-DB10AF6E19E5}.Release|Any CPU.Build.0 = Release|Any CPU
	EndGlobalSection
	GlobalSection(SolutionProperties) = preSolution
		HideSolutionNode = FALSE
	EndGlobalSection
	GlobalSection(ExtensibilityGlobals) = postSolution
		SolutionGuid = {412253AF-DC2E-420B-8923-F93733673438}
	EndGlobalSection
EndGlobal
